// !$*UTF8*$!
{
	archiveVersion = 1;
	classes = {
	};
	objectVersion = 46;
	objects = {

/* Begin PBXBuildFile section */
		55C74D0E1D66023400ECAB71 /* AppDelegate.swift in Sources */ = {isa = PBXBuildFile; fileRef = 55C74D0D1D66023400ECAB71 /* AppDelegate.swift */; };
		55C74D101D66023400ECAB71 /* ViewController.swift in Sources */ = {isa = PBXBuildFile; fileRef = 55C74D0F1D66023400ECAB71 /* ViewController.swift */; };
		55C74D131D66023400ECAB71 /* Main.storyboard in Resources */ = {isa = PBXBuildFile; fileRef = 55C74D111D66023400ECAB71 /* Main.storyboard */; };
		55C74D151D66023400ECAB71 /* Assets.xcassets in Resources */ = {isa = PBXBuildFile; fileRef = 55C74D141D66023400ECAB71 /* Assets.xcassets */; };
		55C74D181D66023400ECAB71 /* LaunchScreen.storyboard in Resources */ = {isa = PBXBuildFile; fileRef = 55C74D161D66023400ECAB71 /* LaunchScreen.storyboard */; };
		55C74D231D66023400ECAB71 /* demoTests.swift in Sources */ = {isa = PBXBuildFile; fileRef = 55C74D221D66023400ECAB71 /* demoTests.swift */; };
		55C74D2E1D66023500ECAB71 /* demoUITests.swift in Sources */ = {isa = PBXBuildFile; fileRef = 55C74D2D1D66023500ECAB71 /* demoUITests.swift */; };
		55CCA0171D666CA300644136 /* CatalogoViewController.swift in Sources */ = {isa = PBXBuildFile; fileRef = 55CCA0161D666CA300644136 /* CatalogoViewController.swift */; };
		55CCA0191D6674B200644136 /* DetalleViewController.swift in Sources */ = {isa = PBXBuildFile; fileRef = 55CCA0181D6674B200644136 /* DetalleViewController.swift */; };
/* End PBXBuildFile section */

/* Begin PBXContainerItemProxy section */
		55C74D1F1D66023400ECAB71 /* PBXContainerItemProxy */ = {
			isa = PBXContainerItemProxy;
			containerPortal = 55C74D021D66023400ECAB71 /* Project object */;
			proxyType = 1;
			remoteGlobalIDString = 55C74D091D66023400ECAB71;
			remoteInfo = demo;
		};
		55C74D2A1D66023500ECAB71 /* PBXContainerItemProxy */ = {
			isa = PBXContainerItemProxy;
			containerPortal = 55C74D021D66023400ECAB71 /* Project object */;
			proxyType = 1;
			remoteGlobalIDString = 55C74D091D66023400ECAB71;
			remoteInfo = demo;
		};
/* End PBXContainerItemProxy section */

/* Begin PBXFileReference section */
		55C74D0A1D66023400ECAB71 /* demo.app */ = {isa = PBXFileReference; explicitFileType = wrapper.application; includeInIndex = 0; path = demo.app; sourceTree = BUILT_PRODUCTS_DIR; };
		55C74D0D1D66023400ECAB71 /* AppDelegate.swift */ = {isa = PBXFileReference; lastKnownFileType = sourcecode.swift; path = AppDelegate.swift; sourceTree = "<group>"; };
		55C74D0F1D66023400ECAB71 /* ViewController.swift */ = {isa = PBXFileReference; lastKnownFileType = sourcecode.swift; path = ViewController.swift; sourceTree = "<group>"; };
		55C74D121D66023400ECAB71 /* Base */ = {isa = PBXFileReference; lastKnownFileType = file.storyboard; name = Base; path = Base.lproj/Main.storyboard; sourceTree = "<group>"; };
		55C74D141D66023400ECAB71 /* Assets.xcassets */ = {isa = PBXFileReference; lastKnownFileType = folder.assetcatalog; path = Assets.xcassets; sourceTree = "<group>"; };
		55C74D171D66023400ECAB71 /* Base */ = {isa = PBXFileReference; lastKnownFileType = file.storyboard; name = Base; path = Base.lproj/LaunchScreen.storyboard; sourceTree = "<group>"; };
		55C74D191D66023400ECAB71 /* Info.plist */ = {isa = PBXFileReference; lastKnownFileType = text.plist.xml; path = Info.plist; sourceTree = "<group>"; };
		55C74D1E1D66023400ECAB71 /* demoTests.xctest */ = {isa = PBXFileReference; explicitFileType = wrapper.cfbundle; includeInIndex = 0; path = demoTests.xctest; sourceTree = BUILT_PRODUCTS_DIR; };
		55C74D221D66023400ECAB71 /* demoTests.swift */ = {isa = PBXFileReference; lastKnownFileType = sourcecode.swift; path = demoTests.swift; sourceTree = "<group>"; };
		55C74D241D66023400ECAB71 /* Info.plist */ = {isa = PBXFileReference; lastKnownFileType = text.plist.xml; path = Info.plist; sourceTree = "<group>"; };
		55C74D291D66023500ECAB71 /* demoUITests.xctest */ = {isa = PBXFileReference; explicitFileType = wrapper.cfbundle; includeInIndex = 0; path = demoUITests.xctest; sourceTree = BUILT_PRODUCTS_DIR; };
		55C74D2D1D66023500ECAB71 /* demoUITests.swift */ = {isa = PBXFileReference; lastKnownFileType = sourcecode.swift; path = demoUITests.swift; sourceTree = "<group>"; };
		55C74D2F1D66023500ECAB71 /* Info.plist */ = {isa = PBXFileReference; lastKnownFileType = text.plist.xml; path = Info.plist; sourceTree = "<group>"; };
		55CCA0161D666CA300644136 /* CatalogoViewController.swift */ = {isa = PBXFileReference; fileEncoding = 4; lastKnownFileType = sourcecode.swift; path = CatalogoViewController.swift; sourceTree = "<group>"; };
		55CCA0181D6674B200644136 /* DetalleViewController.swift */ = {isa = PBXFileReference; fileEncoding = 4; lastKnownFileType = sourcecode.swift; path = DetalleViewController.swift; sourceTree = "<group>"; };
/* End PBXFileReference section */

/* Begin PBXFrameworksBuildPhase section */
		55C74D071D66023400ECAB71 /* Frameworks */ = {
			isa = PBXFrameworksBuildPhase;
			buildActionMask = 2147483647;
			files = (
			);
			runOnlyForDeploymentPostprocessing = 0;
		};
		55C74D1B1D66023400ECAB71 /* Frameworks */ = {
			isa = PBXFrameworksBuildPhase;
			buildActionMask = 2147483647;
			files = (
			);
			runOnlyForDeploymentPostprocessing = 0;
		};
		55C74D261D66023500ECAB71 /* Frameworks */ = {
			isa = PBXFrameworksBuildPhase;
			buildActionMask = 2147483647;
			files = (
			);
			runOnlyForDeploymentPostprocessing = 0;
		};
/* End PBXFrameworksBuildPhase section */

/* Begin PBXGroup section */
		55C74D011D66023400ECAB71 = {
			isa = PBXGroup;
			children = (
				55C74D0C1D66023400ECAB71 /* demo */,
				55C74D211D66023400ECAB71 /* demoTests */,
				55C74D2C1D66023500ECAB71 /* demoUITests */,
				55C74D0B1D66023400ECAB71 /* Products */,
			);
			sourceTree = "<group>";
		};
		55C74D0B1D66023400ECAB71 /* Products */ = {
			isa = PBXGroup;
			children = (
				55C74D0A1D66023400ECAB71 /* demo.app */,
				55C74D1E1D66023400ECAB71 /* demoTests.xctest */,
				55C74D291D66023500ECAB71 /* demoUITests.xctest */,
			);
			name = Products;
			sourceTree = "<group>";
		};
		55C74D0C1D66023400ECAB71 /* demo */ = {
			isa = PBXGroup;
			children = (
				55C74D0D1D66023400ECAB71 /* AppDelegate.swift */,
				55C74D0F1D66023400ECAB71 /* ViewController.swift */,
				55C74D111D66023400ECAB71 /* Main.storyboard */,
				55C74D141D66023400ECAB71 /* Assets.xcassets */,
				55C74D161D66023400ECAB71 /* LaunchScreen.storyboard */,
				55C74D191D66023400ECAB71 /* Info.plist */,
				55CCA0161D666CA300644136 /* CatalogoViewController.swift */,
				55CCA0181D6674B200644136 /* DetalleViewController.swift */,
			);
			path = demo;
			sourceTree = "<group>";
		};
		55C74D211D66023400ECAB71 /* demoTests */ = {
			isa = PBXGroup;
			children = (
				55C74D221D66023400ECAB71 /* demoTests.swift */,
				55C74D241D66023400ECAB71 /* Info.plist */,
			);
			path = demoTests;
			sourceTree = "<group>";
		};
		55C74D2C1D66023500ECAB71 /* demoUITests */ = {
			isa = PBXGroup;
			children = (
				55C74D2D1D66023500ECAB71 /* demoUITests.swift */,
				55C74D2F1D66023500ECAB71 /* Info.plist */,
			);
			path = demoUITests;
			sourceTree = "<group>";
		};
/* End PBXGroup section */

/* Begin PBXNativeTarget section */
		55C74D091D66023400ECAB71 /* demo */ = {
			isa = PBXNativeTarget;
			buildConfigurationList = 55C74D321D66023500ECAB71 /* Build configuration list for PBXNativeTarget "demo" */;
			buildPhases = (
				55C74D061D66023400ECAB71 /* Sources */,
				55C74D071D66023400ECAB71 /* Frameworks */,
				55C74D081D66023400ECAB71 /* Resources */,
			);
			buildRules = (
			);
			dependencies = (
			);
			name = demo;
			productName = demo;
			productReference = 55C74D0A1D66023400ECAB71 /* demo.app */;
			productType = "com.apple.product-type.application";
		};
		55C74D1D1D66023400ECAB71 /* demoTests */ = {
			isa = PBXNativeTarget;
			buildConfigurationList = 55C74D351D66023500ECAB71 /* Build configuration list for PBXNativeTarget "demoTests" */;
			buildPhases = (
				55C74D1A1D66023400ECAB71 /* Sources */,
				55C74D1B1D66023400ECAB71 /* Frameworks */,
				55C74D1C1D66023400ECAB71 /* Resources */,
			);
			buildRules = (
			);
			dependencies = (
				55C74D201D66023400ECAB71 /* PBXTargetDependency */,
			);
			name = demoTests;
			productName = demoTests;
			productReference = 55C74D1E1D66023400ECAB71 /* demoTests.xctest */;
			productType = "com.apple.product-type.bundle.unit-test";
		};
		55C74D281D66023500ECAB71 /* demoUITests */ = {
			isa = PBXNativeTarget;
			buildConfigurationList = 55C74D381D66023500ECAB71 /* Build configuration list for PBXNativeTarget "demoUITests" */;
			buildPhases = (
				55C74D251D66023500ECAB71 /* Sources */,
				55C74D261D66023500ECAB71 /* Frameworks */,
				55C74D271D66023500ECAB71 /* Resources */,
			);
			buildRules = (
			);
			dependencies = (
				55C74D2B1D66023500ECAB71 /* PBXTargetDependency */,
			);
			name = demoUITests;
			productName = demoUITests;
			productReference = 55C74D291D66023500ECAB71 /* demoUITests.xctest */;
			productType = "com.apple.product-type.bundle.ui-testing";
		};
/* End PBXNativeTarget section */

/* Begin PBXProject section */
		55C74D021D66023400ECAB71 /* Project object */ = {
			isa = PBXProject;
			attributes = {
				LastSwiftUpdateCheck = 0730;
				LastUpgradeCheck = 0730;
				ORGANIZATIONNAME = coldhandslabs;
				TargetAttributes = {
					55C74D091D66023400ECAB71 = {
						CreatedOnToolsVersion = 7.3.1;
					};
					55C74D1D1D66023400ECAB71 = {
						CreatedOnToolsVersion = 7.3.1;
						TestTargetID = 55C74D091D66023400ECAB71;
					};
					55C74D281D66023500ECAB71 = {
						CreatedOnToolsVersion = 7.3.1;
						TestTargetID = 55C74D091D66023400ECAB71;
					};
				};
			};
			buildConfigurationList = 55C74D051D66023400ECAB71 /* Build configuration list for PBXProject "demo" */;
			compatibilityVersion = "Xcode 3.2";
			developmentRegion = English;
			hasScannedForEncodings = 0;
			knownRegions = (
				en,
				Base,
			);
			mainGroup = 55C74D011D66023400ECAB71;
			productRefGroup = 55C74D0B1D66023400ECAB71 /* Products */;
			projectDirPath = "";
			projectRoot = "";
			targets = (
				55C74D091D66023400ECAB71 /* demo */,
				55C74D1D1D66023400ECAB71 /* demoTests */,
				55C74D281D66023500ECAB71 /* demoUITests */,
			);
		};
/* End PBXProject section */

/* Begin PBXResourcesBuildPhase section */
		55C74D081D66023400ECAB71 /* Resources */ = {
			isa = PBXResourcesBuildPhase;
			buildActionMask = 2147483647;
			files = (
				55C74D181D66023400ECAB71 /* LaunchScreen.storyboard in Resources */,
				55C74D151D66023400ECAB71 /* Assets.xcassets in Resources */,
				55C74D131D66023400ECAB71 /* Main.storyboard in Resources */,
			);
			runOnlyForDeploymentPostprocessing = 0;
		};
		55C74D1C1D66023400ECAB71 /* Resources */ = {
			isa = PBXResourcesBuildPhase;
			buildActionMask = 2147483647;
			files = (
			);
			runOnlyForDeploymentPostprocessing = 0;
		};
		55C74D271D66023500ECAB71 /* Resources */ = {
			isa = PBXResourcesBuildPhase;
			buildActionMask = 2147483647;
			files = (
			);
			runOnlyForDeploymentPostprocessing = 0;
		};
/* End PBXResourcesBuildPhase section */

/* Begin PBXSourcesBuildPhase section */
		55C74D061D66023400ECAB71 /* Sources */ = {
			isa = PBXSourcesBuildPhase;
			buildActionMask = 2147483647;
			files = (
				55CCA0191D6674B200644136 /* DetalleViewController.swift in Sources */,
				55C74D101D66023400ECAB71 /* ViewController.swift in Sources */,
				55CCA0171D666CA300644136 /* CatalogoViewController.swift in Sources */,
				55C74D0E1D66023400ECAB71 /* AppDelegate.swift in Sources */,
			);
			runOnlyForDeploymentPostprocessing = 0;
		};
		55C74D1A1D66023400ECAB71 /* Sources */ = {
			isa = PBXSourcesBuildPhase;
			buildActionMask = 2147483647;
			files = (
				55C74D231D66023400ECAB71 /* demoTests.swift in Sources */,
			);
			runOnlyForDeploymentPostprocessing = 0;
		};
		55C74D251D66023500ECAB71 /* Sources */ = {
			isa = PBXSourcesBuildPhase;
			buildActionMask = 2147483647;
			files = (
				55C74D2E1D66023500ECAB71 /* demoUITests.swift in Sources */,
			);
			runOnlyForDeploymentPostprocessing = 0;
		};
/* End PBXSourcesBuildPhase section */

/* Begin PBXTargetDependency section */
		55C74D201D66023400ECAB71 /* PBXTargetDependency */ = {
			isa = PBXTargetDependency;
			target = 55C74D091D66023400ECAB71 /* demo */;
			targetProxy = 55C74D1F1D66023400ECAB71 /* PBXContainerItemProxy */;
		};
		55C74D2B1D66023500ECAB71 /* PBXTargetDependency */ = {
			isa = PBXTargetDependency;
			target = 55C74D091D66023400ECAB71 /* demo */;
			targetProxy = 55C74D2A1D66023500ECAB71 /* PBXContainerItemProxy */;
		};
/* End PBXTargetDependency section */

/* Begin PBXVariantGroup section */
		55C74D111D66023400ECAB71 /* Main.storyboard */ = {
			isa = PBXVariantGroup;
			children = (
				55C74D121D66023400ECAB71 /* Base */,
			);
			name = Main.storyboard;
			sourceTree = "<group>";
		};
		55C74D161D66023400ECAB71 /* LaunchScreen.storyboard */ = {
			isa = PBXVariantGroup;
			children = (
				55C74D171D66023400ECAB71 /* Base */,
			);
			name = LaunchScreen.storyboard;
			sourceTree = "<group>";
		};
/* End PBXVariantGroup section */

/* Begin XCBuildConfiguration section */
		55C74D301D66023500ECAB71 /* Debug */ = {
			isa = XCBuildConfiguration;
			buildSettings = {
				ALWAYS_SEARCH_USER_PATHS = NO;
				CLANG_ANALYZER_NONNULL = YES;
				CLANG_CXX_LANGUAGE_STANDARD = "gnu++0x";
				CLANG_CXX_LIBRARY = "libc++";
				CLANG_ENABLE_MODULES = YES;
				CLANG_ENABLE_OBJC_ARC = YES;
				CLANG_WARN_BOOL_CONVERSION = YES;
				CLANG_WARN_CONSTANT_CONVERSION = YES;
				CLANG_WARN_DIRECT_OBJC_ISA_USAGE = YES_ERROR;
				CLANG_WARN_EMPTY_BODY = YES;
				CLANG_WARN_ENUM_CONVERSION = YES;
				CLANG_WARN_INT_CONVERSION = YES;
				CLANG_WARN_OBJC_ROOT_CLASS = YES_ERROR;
				CLANG_WARN_UNREACHABLE_CODE = YES;
				CLANG_WARN__DUPLICATE_METHOD_MATCH = YES;
				"CODE_SIGN_IDENTITY[sdk=iphoneos*]" = "iPhone Developer";
				COPY_PHASE_STRIP = NO;
				DEBUG_INFORMATION_FORMAT = dwarf;
				ENABLE_STRICT_OBJC_MSGSEND = YES;
				ENABLE_TESTABILITY = YES;
				GCC_C_LANGUAGE_STANDARD = gnu99;
				GCC_DYNAMIC_NO_PIC = NO;
				GCC_NO_COMMON_BLOCKS = YES;
				GCC_OPTIMIZATION_LEVEL = 0;
				GCC_PREPROCESSOR_DEFINITIONS = (
					"DEBUG=1",
					"$(inherited)",
				);
				GCC_WARN_64_TO_32_BIT_CONVERSION = YES;
				GCC_WARN_ABOUT_RETURN_TYPE = YES_ERROR;
				GCC_WARN_UNDECLARED_SELECTOR = YES;
				GCC_WARN_UNINITIALIZED_AUTOS = YES_AGGRESSIVE;
				GCC_WARN_UNUSED_FUNCTION = YES;
				GCC_WARN_UNUSED_VARIABLE = YES;
				IPHONEOS_DEPLOYMENT_TARGET = 9.0;
				MTL_ENABLE_DEBUG_INFO = YES;
				ONLY_ACTIVE_ARCH = YES;
				SDKROOT = iphoneos;
				SWIFT_OPTIMIZATION_LEVEL = "-Onone";
				TARGETED_DEVICE_FAMILY = "1,2";
			};
			name = Debug;
		};
		55C74D311D66023500ECAB71 /* Release */ = {
			isa = XCBuildConfiguration;
			buildSettings = {
				ALWAYS_SEARCH_USER_PATHS = NO;
				CLANG_ANALYZER_NONNULL = YES;
				CLANG_CXX_LANGUAGE_STANDARD = "gnu++0x";
				CLANG_CXX_LIBRARY = "libc++";
				CLANG_ENABLE_MODULES = YES;
				CLANG_ENABLE_OBJC_ARC = YES;
				CLANG_WARN_BOOL_CONVERSION = YES;
				CLANG_WARN_CONSTANT_CONVERSION = YES;
				CLANG_WARN_DIRECT_OBJC_ISA_USAGE = YES_ERROR;
				CLANG_WARN_EMPTY_BODY = YES;
				CLANG_WARN_ENUM_CONVERSION = YES;
				CLANG_WARN_INT_CONVERSION = YES;
				CLANG_WARN_OBJC_ROOT_CLASS = YES_ERROR;
				CLANG_WARN_UNREACHABLE_CODE = YES;
				CLANG_WARN__DUPLICATE_METHOD_MATCH = YES;
				"CODE_SIGN_IDENTITY[sdk=iphoneos*]" = "iPhone Developer";
				COPY_PHASE_STRIP = NO;
				DEBUG_INFORMATION_FORMAT = "dwarf-with-dsym";
				ENABLE_NS_ASSERTIONS = NO;
				ENABLE_STRICT_OBJC_MSGSEND = YES;
				GCC_C_LANGUAGE_STANDARD = gnu99;
				GCC_NO_COMMON_BLOCKS = YES;
				GCC_WARN_64_TO_32_BIT_CONVERSION = YES;
				GCC_WARN_ABOUT_RETURN_TYPE = YES_ERROR;
				GCC_WARN_UNDECLARED_SELECTOR = YES;
				GCC_WARN_UNINITIALIZED_AUTOS = YES_AGGRESSIVE;
				GCC_WARN_UNUSED_FUNCTION = YES;
				GCC_WARN_UNUSED_VARIABLE = YES;
				IPHONEOS_DEPLOYMENT_TARGET = 9.0;
				MTL_ENABLE_DEBUG_INFO = NO;
				SDKROOT = iphoneos;
				TARGETED_DEVICE_FAMILY = "1,2";
				VALIDATE_PRODUCT = YES;
			};
			name = Release;
		};
		55C74D331D66023500ECAB71 /* Debug */ = {
			isa = XCBuildConfiguration;
			buildSettings = {
				ASSETCATALOG_COMPILER_APPICON_NAME = AppIcon;
				INFOPLIST_FILE = demo/Info.plist;
				IPHONEOS_DEPLOYMENT_TARGET = 9.0;
				LD_RUNPATH_SEARCH_PATHS = "$(inherited) @executable_path/Frameworks";
				PRODUCT_BUNDLE_IDENTIFIER = com.coldhandslabs.demo;
				PRODUCT_NAME = "$(TARGET_NAME)";
			};
			name = Debug;
		};
		55C74D341D66023500ECAB71 /* Release */ = {
			isa = XCBuildConfiguration;
			buildSettings = {
				ASSETCATALOG_COMPILER_APPICON_NAME = AppIcon;
				INFOPLIST_FILE = demo/Info.plist;
				IPHONEOS_DEPLOYMENT_TARGET = 9.0;
				LD_RUNPATH_SEARCH_PATHS = "$(inherited) @executable_path/Frameworks";
				PRODUCT_BUNDLE_IDENTIFIER = com.coldhandslabs.demo;
				PRODUCT_NAME = "$(TARGET_NAME)";
			};
			name = Release;
		};
		55C74D361D66023500ECAB71 /* Debug */ = {
			isa = XCBuildConfiguration;
			buildSettings = {
				BUNDLE_LOADER = "$(TEST_HOST)";
				INFOPLIST_FILE = demoTests/Info.plist;
				LD_RUNPATH_SEARCH_PATHS = "$(inherited) @executable_path/Frameworks @loader_path/Frameworks";
				PRODUCT_BUNDLE_IDENTIFIER = com.coldhandslabs.demoTests;
				PRODUCT_NAME = "$(TARGET_NAME)";
				TEST_HOST = "$(BUILT_PRODUCTS_DIR)/demo.app/demo";
			};
			name = Debug;
		};
		55C74D371D66023500ECAB71 /* Release */ = {
			isa = XCBuildConfiguration;
			buildSettings = {
				BUNDLE_LOADER = "$(TEST_HOST)";
				INFOPLIST_FILE = demoTests/Info.plist;
				LD_RUNPATH_SEARCH_PATHS = "$(inherited) @executable_path/Frameworks @loader_path/Frameworks";
				PRODUCT_BUNDLE_IDENTIFIER = com.coldhandslabs.demoTests;
				PRODUCT_NAME = "$(TARGET_NAME)";
				TEST_HOST = "$(BUILT_PRODUCTS_DIR)/demo.app/demo";
			};
			name = Release;
		};
		55C74D391D66023500ECAB71 /* Debug */ = {
			isa = XCBuildConfiguration;
			buildSettings = {
				INFOPLIST_FILE = demoUITests/Info.plist;
				LD_RUNPATH_SEARCH_PATHS = "$(inherited) @executable_path/Frameworks @loader_path/Frameworks";
				PRODUCT_BUNDLE_IDENTIFIER = com.coldhandslabs.demoUITests;
				PRODUCT_NAME = "$(TARGET_NAME)";
				TEST_TARGET_NAME = demo;
			};
			name = Debug;
		};
		55C74D3A1D66023500ECAB71 /* Release */ = {
			isa = XCBuildConfiguration;
			buildSettings = {
				INFOPLIST_FILE = demoUITests/Info.plist;
				LD_RUNPATH_SEARCH_PATHS = "$(inherited) @executable_path/Frameworks @loader_path/Frameworks";
				PRODUCT_BUNDLE_IDENTIFIER = com.coldhandslabs.demoUITests;
				PRODUCT_NAME = "$(TARGET_NAME)";
				TEST_TARGET_NAME = demo;
			};
			name = Release;
		};
/* End XCBuildConfiguration section */

/* Begin XCConfigurationList section */
		55C74D051D66023400ECAB71 /* Build configuration list for PBXProject "demo" */ = {
			isa = XCConfigurationList;
			buildConfigurations = (
				55C74D301D66023500ECAB71 /* Debug */,
				55C74D311D66023500ECAB71 /* Release */,
			);
			defaultConfigurationIsVisible = 0;
			defaultConfigurationName = Release;
		};
		55C74D321D66023500ECAB71 /* Build configuration list for PBXNativeTarget "demo" */ = {
			isa = XCConfigurationList;
			buildConfigurations = (
				55C74D331D66023500ECAB71 /* Debug */,
				55C74D341D66023500ECAB71 /* Release */,
			);
			defaultConfigurationIsVisible = 0;
			defaultConfigurationName = Release;
		};
		55C74D351D66023500ECAB71 /* Build configuration list for PBXNativeTarget "demoTests" */ = {
			isa = XCConfigurationList;
			buildConfigurations = (
				55C74D361D66023500ECAB71 /* Debug */,
				55C74D371D66023500ECAB71 /* Release */,
			);
			defaultConfigurationIsVisible = 0;
			defaultConfigurationName = Release;
		};
		55C74D381D66023500ECAB71 /* Build configuration list for PBXNativeTarget "demoUITests" */ = {
			isa = XCConfigurationList;
			buildConfigurations = (
				55C74D391D66023500ECAB71 /* Debug */,
				55C74D3A1D66023500ECAB71 /* Release */,
			);
			defaultConfigurationIsVisible = 0;
			defaultConfigurationName = Release;
		};
/* End XCConfigurationList section */
	};
	rootObject = 55C74D021D66023400ECAB71 /* Project object */;
}
